// !$*UTF8*$!
{
	archiveVersion = 1;
	classes = {
	};
	objectVersion = 55;
	objects = {

/* Begin PBXBuildFile section */
		A11417FC288FA0700025C2DC /* TictactoeApp.swift in Sources */ = {isa = PBXBuildFile; fileRef = A11417FB288FA0700025C2DC /* TictactoeApp.swift */; };
		A11417FE288FA0700025C2DC /* ContentView.swift in Sources */ = {isa = PBXBuildFile; fileRef = A11417FD288FA0700025C2DC /* ContentView.swift */; };
		A1141800288FA0730025C2DC /* Assets.xcassets in Resources */ = {isa = PBXBuildFile; fileRef = A11417FF288FA0730025C2DC /* Assets.xcassets */; };
		A1141803288FA0730025C2DC /* Preview Assets.xcassets in Resources */ = {isa = PBXBuildFile; fileRef = A1141802288FA0730025C2DC /* Preview Assets.xcassets */; };
		A114180D288FA0730025C2DC /* TictactoeTests.swift in Sources */ = {isa = PBXBuildFile; fileRef = A114180C288FA0730025C2DC /* TictactoeTests.swift */; };
		A1141817288FA0730025C2DC /* TictactoeUITests.swift in Sources */ = {isa = PBXBuildFile; fileRef = A1141816288FA0730025C2DC /* TictactoeUITests.swift */; };
		A1141819288FA0730025C2DC /* TictactoeUITestsLaunchTests.swift in Sources */ = {isa = PBXBuildFile; fileRef = A1141818288FA0730025C2DC /* TictactoeUITestsLaunchTests.swift */; };
		A1207FBF289C335B00DA9370 /* TictactoeViewModel.swift in Sources */ = {isa = PBXBuildFile; fileRef = A1207FBE289C335B00DA9370 /* TictactoeViewModel.swift */; };
		A1FA9AC4289A2C1000F441D1 /* TictactoeGame.swift in Sources */ = {isa = PBXBuildFile; fileRef = A1FA9AC3289A2C1000F441D1 /* TictactoeGame.swift */; };
/* End PBXBuildFile section */

/* Begin PBXContainerItemProxy section */
		A1141809288FA0730025C2DC /* PBXContainerItemProxy */ = {
			isa = PBXContainerItemProxy;
			containerPortal = A11417F0288FA0700025C2DC /* Project object */;
			proxyType = 1;
			remoteGlobalIDString = A11417F7288FA0700025C2DC;
			remoteInfo = Tictactoe;
		};
		A1141813288FA0730025C2DC /* PBXContainerItemProxy */ = {
			isa = PBXContainerItemProxy;
			containerPortal = A11417F0288FA0700025C2DC /* Project object */;
			proxyType = 1;
			remoteGlobalIDString = A11417F7288FA0700025C2DC;
			remoteInfo = Tictactoe;
		};
/* End PBXContainerItemProxy section */

/* Begin PBXFileReference section */
		A11417F8288FA0700025C2DC /* Tictactoe.app */ = {isa = PBXFileReference; explicitFileType = wrapper.application; includeInIndex = 0; path = Tictactoe.app; sourceTree = BUILT_PRODUCTS_DIR; };
		A11417FB288FA0700025C2DC /* TictactoeApp.swift */ = {isa = PBXFileReference; lastKnownFileType = sourcecode.swift; path = TictactoeApp.swift; sourceTree = "<group>"; };
		A11417FD288FA0700025C2DC /* ContentView.swift */ = {isa = PBXFileReference; lastKnownFileType = sourcecode.swift; path = ContentView.swift; sourceTree = "<group>"; };
		A11417FF288FA0730025C2DC /* Assets.xcassets */ = {isa = PBXFileReference; lastKnownFileType = folder.assetcatalog; path = Assets.xcassets; sourceTree = "<group>"; };
		A1141802288FA0730025C2DC /* Preview Assets.xcassets */ = {isa = PBXFileReference; lastKnownFileType = folder.assetcatalog; path = "Preview Assets.xcassets"; sourceTree = "<group>"; };
		A1141808288FA0730025C2DC /* TictactoeTests.xctest */ = {isa = PBXFileReference; explicitFileType = wrapper.cfbundle; includeInIndex = 0; path = TictactoeTests.xctest; sourceTree = BUILT_PRODUCTS_DIR; };
		A114180C288FA0730025C2DC /* TictactoeTests.swift */ = {isa = PBXFileReference; lastKnownFileType = sourcecode.swift; path = TictactoeTests.swift; sourceTree = "<group>"; };
		A1141812288FA0730025C2DC /* TictactoeUITests.xctest */ = {isa = PBXFileReference; explicitFileType = wrapper.cfbundle; includeInIndex = 0; path = TictactoeUITests.xctest; sourceTree = BUILT_PRODUCTS_DIR; };
		A1141816288FA0730025C2DC /* TictactoeUITests.swift */ = {isa = PBXFileReference; lastKnownFileType = sourcecode.swift; path = TictactoeUITests.swift; sourceTree = "<group>"; };
		A1141818288FA0730025C2DC /* TictactoeUITestsLaunchTests.swift */ = {isa = PBXFileReference; lastKnownFileType = sourcecode.swift; path = TictactoeUITestsLaunchTests.swift; sourceTree = "<group>"; };
		A1207FBE289C335B00DA9370 /* TictactoeViewModel.swift */ = {isa = PBXFileReference; lastKnownFileType = sourcecode.swift; path = TictactoeViewModel.swift; sourceTree = "<group>"; };
		A1B774BB28CCA51E001820E9 /* README.md */ = {isa = PBXFileReference; lastKnownFileType = net.daringfireball.markdown; path = README.md; sourceTree = "<group>"; };
		A1FA9AC3289A2C1000F441D1 /* TictactoeGame.swift */ = {isa = PBXFileReference; lastKnownFileType = sourcecode.swift; path = TictactoeGame.swift; sourceTree = "<group>"; };
/* End PBXFileReference section */

/* Begin PBXFrameworksBuildPhase section */
		A11417F5288FA0700025C2DC /* Frameworks */ = {
			isa = PBXFrameworksBuildPhase;
			buildActionMask = 2147483647;
			files = (
			);
			runOnlyForDeploymentPostprocessing = 0;
		};
		A1141805288FA0730025C2DC /* Frameworks */ = {
			isa = PBXFrameworksBuildPhase;
			buildActionMask = 2147483647;
			files = (
			);
			runOnlyForDeploymentPostprocessing = 0;
		};
		A114180F288FA0730025C2DC /* Frameworks */ = {
			isa = PBXFrameworksBuildPhase;
			buildActionMask = 2147483647;
			files = (
			);
			runOnlyForDeploymentPostprocessing = 0;
		};
/* End PBXFrameworksBuildPhase section */

/* Begin PBXGroup section */
		A11417EF288FA0700025C2DC = {
			isa = PBXGroup;
			children = (
				A1B774BB28CCA51E001820E9 /* README.md */,
				A11417FA288FA0700025C2DC /* Tictactoe */,
				A114180B288FA0730025C2DC /* TictactoeTests */,
				A1141815288FA0730025C2DC /* TictactoeUITests */,
				A11417F9288FA0700025C2DC /* Products */,
			);
			sourceTree = "<group>";
		};
		A11417F9288FA0700025C2DC /* Products */ = {
			isa = PBXGroup;
			children = (
				A11417F8288FA0700025C2DC /* Tictactoe.app */,
				A1141808288FA0730025C2DC /* TictactoeTests.xctest */,
				A1141812288FA0730025C2DC /* TictactoeUITests.xctest */,
			);
			name = Products;
			sourceTree = "<group>";
		};
		A11417FA288FA0700025C2DC /* Tictactoe */ = {
			isa = PBXGroup;
			children = (
				A11417FB288FA0700025C2DC /* TictactoeApp.swift */,
				A13CC3CF28ACA4F900CAB10B /* Model */,
				A13CC3D028ACA50100CAB10B /* ViewModel */,
				A13CC3D128ACA51000CAB10B /* View */,
				A11417FF288FA0730025C2DC /* Assets.xcassets */,
				A1141801288FA0730025C2DC /* Preview Content */,
			);
			path = Tictactoe;
			sourceTree = "<group>";
		};
		A1141801288FA0730025C2DC /* Preview Content */ = {
			isa = PBXGroup;
			children = (
				A1141802288FA0730025C2DC /* Preview Assets.xcassets */,
			);
			path = "Preview Content";
			sourceTree = "<group>";
		};
		A114180B288FA0730025C2DC /* TictactoeTests */ = {
			isa = PBXGroup;
			children = (
				A114180C288FA0730025C2DC /* TictactoeTests.swift */,
			);
			path = TictactoeTests;
			sourceTree = "<group>";
		};
		A1141815288FA0730025C2DC /* TictactoeUITests */ = {
			isa = PBXGroup;
			children = (
				A1141816288FA0730025C2DC /* TictactoeUITests.swift */,
				A1141818288FA0730025C2DC /* TictactoeUITestsLaunchTests.swift */,
			);
			path = TictactoeUITests;
			sourceTree = "<group>";
		};
		A13CC3CF28ACA4F900CAB10B /* Model */ = {
			isa = PBXGroup;
			children = (
				A1FA9AC3289A2C1000F441D1 /* TictactoeGame.swift */,
			);
			path = Model;
			sourceTree = "<group>";
		};
		A13CC3D028ACA50100CAB10B /* ViewModel */ = {
			isa = PBXGroup;
			children = (
				A1207FBE289C335B00DA9370 /* TictactoeViewModel.swift */,
			);
			path = ViewModel;
			sourceTree = "<group>";
		};
		A13CC3D128ACA51000CAB10B /* View */ = {
			isa = PBXGroup;
			children = (
				A11417FD288FA0700025C2DC /* ContentView.swift */,
			);
			path = View;
			sourceTree = "<group>";
		};
/* End PBXGroup section */

/* Begin PBXNativeTarget section */
		A11417F7288FA0700025C2DC /* Tictactoe */ = {
			isa = PBXNativeTarget;
			buildConfigurationList = A114181C288FA0730025C2DC /* Build configuration list for PBXNativeTarget "Tictactoe" */;
			buildPhases = (
				A11417F4288FA0700025C2DC /* Sources */,
				A11417F5288FA0700025C2DC /* Frameworks */,
				A11417F6288FA0700025C2DC /* Resources */,
			);
			buildRules = (
			);
			dependencies = (
			);
			name = Tictactoe;
			productName = Tictactoe;
			productReference = A11417F8288FA0700025C2DC /* Tictactoe.app */;
			productType = "com.apple.product-type.application";
		};
		A1141807288FA0730025C2DC /* TictactoeTests */ = {
			isa = PBXNativeTarget;
			buildConfigurationList = A114181F288FA0730025C2DC /* Build configuration list for PBXNativeTarget "TictactoeTests" */;
			buildPhases = (
				A1141804288FA0730025C2DC /* Sources */,
				A1141805288FA0730025C2DC /* Frameworks */,
				A1141806288FA0730025C2DC /* Resources */,
			);
			buildRules = (
			);
			dependencies = (
				A114180A288FA0730025C2DC /* PBXTargetDependency */,
			);
			name = TictactoeTests;
			productName = TictactoeTests;
			productReference = A1141808288FA0730025C2DC /* TictactoeTests.xctest */;
			productType = "com.apple.product-type.bundle.unit-test";
		};
		A1141811288FA0730025C2DC /* TictactoeUITests */ = {
			isa = PBXNativeTarget;
			buildConfigurationList = A1141822288FA0730025C2DC /* Build configuration list for PBXNativeTarget "TictactoeUITests" */;
			buildPhases = (
				A114180E288FA0730025C2DC /* Sources */,
				A114180F288FA0730025C2DC /* Frameworks */,
				A1141810288FA0730025C2DC /* Resources */,
			);
			buildRules = (
			);
			dependencies = (
				A1141814288FA0730025C2DC /* PBXTargetDependency */,
			);
			name = TictactoeUITests;
			productName = TictactoeUITests;
			productReference = A1141812288FA0730025C2DC /* TictactoeUITests.xctest */;
			productType = "com.apple.product-type.bundle.ui-testing";
		};
/* End PBXNativeTarget section */

/* Begin PBXProject section */
		A11417F0288FA0700025C2DC /* Project object */ = {
			isa = PBXProject;
			attributes = {
				BuildIndependentTargetsInParallel = 1;
				LastSwiftUpdateCheck = 1340;
				LastUpgradeCheck = 1340;
				TargetAttributes = {
					A11417F7288FA0700025C2DC = {
						CreatedOnToolsVersion = 13.4;
					};
					A1141807288FA0730025C2DC = {
						CreatedOnToolsVersion = 13.4;
						TestTargetID = A11417F7288FA0700025C2DC;
					};
					A1141811288FA0730025C2DC = {
						CreatedOnToolsVersion = 13.4;
						TestTargetID = A11417F7288FA0700025C2DC;
					};
				};
			};
			buildConfigurationList = A11417F3288FA0700025C2DC /* Build configuration list for PBXProject "Tictactoe" */;
			compatibilityVersion = "Xcode 13.0";
			developmentRegion = en;
			hasScannedForEncodings = 0;
			knownRegions = (
				en,
				Base,
			);
			mainGroup = A11417EF288FA0700025C2DC;
			productRefGroup = A11417F9288FA0700025C2DC /* Products */;
			projectDirPath = "";
			projectRoot = "";
			targets = (
				A11417F7288FA0700025C2DC /* Tictactoe */,
				A1141807288FA0730025C2DC /* TictactoeTests */,
				A1141811288FA0730025C2DC /* TictactoeUITests */,
			);
		};
/* End PBXProject section */

/* Begin PBXResourcesBuildPhase section */
		A11417F6288FA0700025C2DC /* Resources */ = {
			isa = PBXResourcesBuildPhase;
			buildActionMask = 2147483647;
			files = (
				A1141803288FA0730025C2DC /* Preview Assets.xcassets in Resources */,
				A1141800288FA0730025C2DC /* Assets.xcassets in Resources */,
			);
			runOnlyForDeploymentPostprocessing = 0;
		};
		A1141806288FA0730025C2DC /* Resources */ = {
			isa = PBXResourcesBuildPhase;
			buildActionMask = 2147483647;
			files = (
			);
			runOnlyForDeploymentPostprocessing = 0;
		};
		A1141810288FA0730025C2DC /* Resources */ = {
			isa = PBXResourcesBuildPhase;
			buildActionMask = 2147483647;
			files = (
			);
			runOnlyForDeploymentPostprocessing = 0;
		};
/* End PBXResourcesBuildPhase section */

/* Begin PBXSourcesBuildPhase section */
		A11417F4288FA0700025C2DC /* Sources */ = {
			isa = PBXSourcesBuildPhase;
			buildActionMask = 2147483647;
			files = (
				A1FA9AC4289A2C1000F441D1 /* TictactoeGame.swift in Sources */,
				A11417FE288FA0700025C2DC /* ContentView.swift in Sources */,
				A11417FC288FA0700025C2DC /* TictactoeApp.swift in Sources */,
				A1207FBF289C335B00DA9370 /* TictactoeViewModel.swift in Sources */,
			);
			runOnlyForDeploymentPostprocessing = 0;
		};
		A1141804288FA0730025C2DC /* Sources */ = {
			isa = PBXSourcesBuildPhase;
			buildActionMask = 2147483647;
			files = (
				A114180D288FA0730025C2DC /* TictactoeTests.swift in Sources */,
			);
			runOnlyForDeploymentPostprocessing = 0;
		};
		A114180E288FA0730025C2DC /* Sources */ = {
			isa = PBXSourcesBuildPhase;
			buildActionMask = 2147483647;
			files = (
				A1141817288FA0730025C2DC /* TictactoeUITests.swift in Sources */,
				A1141819288FA0730025C2DC /* TictactoeUITestsLaunchTests.swift in Sources */,
			);
			runOnlyForDeploymentPostprocessing = 0;
		};
/* End PBXSourcesBuildPhase section */

/* Begin PBXTargetDependency section */
		A114180A288FA0730025C2DC /* PBXTargetDependency */ = {
			isa = PBXTargetDependency;
			target = A11417F7288FA0700025C2DC /* Tictactoe */;
			targetProxy = A1141809288FA0730025C2DC /* PBXContainerItemProxy */;
		};
		A1141814288FA0730025C2DC /* PBXTargetDependency */ = {
			isa = PBXTargetDependency;
			target = A11417F7288FA0700025C2DC /* Tictactoe */;
			targetProxy = A1141813288FA0730025C2DC /* PBXContainerItemProxy */;
		};
/* End PBXTargetDependency section */

/* Begin XCBuildConfiguration section */
		A114181A288FA0730025C2DC /* Debug */ = {
			isa = XCBuildConfiguration;
			buildSettings = {
				ALWAYS_SEARCH_USER_PATHS = NO;
				CLANG_ANALYZER_NONNULL = YES;
				CLANG_ANALYZER_NUMBER_OBJECT_CONVERSION = YES_AGGRESSIVE;
				CLANG_CXX_LANGUAGE_STANDARD = "gnu++17";
				CLANG_ENABLE_MODULES = YES;
				CLANG_ENABLE_OBJC_ARC = YES;
				CLANG_ENABLE_OBJC_WEAK = YES;
				CLANG_WARN_BLOCK_CAPTURE_AUTORELEASING = YES;
				CLANG_WARN_BOOL_CONVERSION = YES;
				CLANG_WARN_COMMA = YES;
				CLANG_WARN_CONSTANT_CONVERSION = YES;
				CLANG_WARN_DEPRECATED_OBJC_IMPLEMENTATIONS = YES;
				CLANG_WARN_DIRECT_OBJC_ISA_USAGE = YES_ERROR;
				CLANG_WARN_DOCUMENTATION_COMMENTS = YES;
				CLANG_WARN_EMPTY_BODY = YES;
				CLANG_WARN_ENUM_CONVERSION = YES;
				CLANG_WARN_INFINITE_RECURSION = YES;
				CLANG_WARN_INT_CONVERSION = YES;
				CLANG_WARN_NON_LITERAL_NULL_CONVERSION = YES;
				CLANG_WARN_OBJC_IMPLICIT_RETAIN_SELF = YES;
				CLANG_WARN_OBJC_LITERAL_CONVERSION = YES;
				CLANG_WARN_OBJC_ROOT_CLASS = YES_ERROR;
				CLANG_WARN_QUOTED_INCLUDE_IN_FRAMEWORK_HEADER = YES;
				CLANG_WARN_RANGE_LOOP_ANALYSIS = YES;
				CLANG_WARN_STRICT_PROTOTYPES = YES;
				CLANG_WARN_SUSPICIOUS_MOVE = YES;
				CLANG_WARN_UNGUARDED_AVAILABILITY = YES_AGGRESSIVE;
				CLANG_WARN_UNREACHABLE_CODE = YES;
				CLANG_WARN__DUPLICATE_METHOD_MATCH = YES;
				COPY_PHASE_STRIP = NO;
				DEBUG_INFORMATION_FORMAT = dwarf;
				ENABLE_STRICT_OBJC_MSGSEND = YES;
				ENABLE_TESTABILITY = YES;
				GCC_C_LANGUAGE_STANDARD = gnu11;
				GCC_DYNAMIC_NO_PIC = NO;
				GCC_NO_COMMON_BLOCKS = YES;
				GCC_OPTIMIZATION_LEVEL = 0;
				GCC_PREPROCESSOR_DEFINITIONS = (
					"DEBUG=1",
					"$(inherited)",
				);
				GCC_WARN_64_TO_32_BIT_CONVERSION = YES;
				GCC_WARN_ABOUT_RETURN_TYPE = YES_ERROR;
				GCC_WARN_UNDECLARED_SELECTOR = YES;
				GCC_WARN_UNINITIALIZED_AUTOS = YES_AGGRESSIVE;
				GCC_WARN_UNUSED_FUNCTION = YES;
				GCC_WARN_UNUSED_VARIABLE = YES;
				IPHONEOS_DEPLOYMENT_TARGET = 15.5;
				MTL_ENABLE_DEBUG_INFO = INCLUDE_SOURCE;
				MTL_FAST_MATH = YES;
				ONLY_ACTIVE_ARCH = YES;
				SDKROOT = iphoneos;
				SWIFT_ACTIVE_COMPILATION_CONDITIONS = DEBUG;
				SWIFT_OPTIMIZATION_LEVEL = "-Onone";
			};
			name = Debug;
		};
		A114181B288FA0730025C2DC /* Release */ = {
			isa = XCBuildConfiguration;
			buildSettings = {
				ALWAYS_SEARCH_USER_PATHS = NO;
				CLANG_ANALYZER_NONNULL = YES;
				CLANG_ANALYZER_NUMBER_OBJECT_CONVERSION = YES_AGGRESSIVE;
				CLANG_CXX_LANGUAGE_STANDARD = "gnu++17";
				CLANG_ENABLE_MODULES = YES;
				CLANG_ENABLE_OBJC_ARC = YES;
				CLANG_ENABLE_OBJC_WEAK = YES;
				CLANG_WARN_BLOCK_CAPTURE_AUTORELEASING = YES;
				CLANG_WARN_BOOL_CONVERSION = YES;
				CLANG_WARN_COMMA = YES;
				CLANG_WARN_CONSTANT_CONVERSION = YES;
				CLANG_WARN_DEPRECATED_OBJC_IMPLEMENTATIONS = YES;
				CLANG_WARN_DIRECT_OBJC_ISA_USAGE = YES_ERROR;
				CLANG_WARN_DOCUMENTATION_COMMENTS = YES;
				CLANG_WARN_EMPTY_BODY = YES;
				CLANG_WARN_ENUM_CONVERSION = YES;
				CLANG_WARN_INFINITE_RECURSION = YES;
				CLANG_WARN_INT_CONVERSION = YES;
				CLANG_WARN_NON_LITERAL_NULL_CONVERSION = YES;
				CLANG_WARN_OBJC_IMPLICIT_RETAIN_SELF = YES;
				CLANG_WARN_OBJC_LITERAL_CONVERSION = YES;
				CLANG_WARN_OBJC_ROOT_CLASS = YES_ERROR;
				CLANG_WARN_QUOTED_INCLUDE_IN_FRAMEWORK_HEADER = YES;
				CLANG_WARN_RANGE_LOOP_ANALYSIS = YES;
				CLANG_WARN_STRICT_PROTOTYPES = YES;
				CLANG_WARN_SUSPICIOUS_MOVE = YES;
				CLANG_WARN_UNGUARDED_AVAILABILITY = YES_AGGRESSIVE;
				CLANG_WARN_UNREACHABLE_CODE = YES;
				CLANG_WARN__DUPLICATE_METHOD_MATCH = YES;
				COPY_PHASE_STRIP = NO;
				DEBUG_INFORMATION_FORMAT = "dwarf-with-dsym";
				ENABLE_NS_ASSERTIONS = NO;
				ENABLE_STRICT_OBJC_MSGSEND = YES;
				GCC_C_LANGUAGE_STANDARD = gnu11;
				GCC_NO_COMMON_BLOCKS = YES;
				GCC_WARN_64_TO_32_BIT_CONVERSION = YES;
				GCC_WARN_ABOUT_RETURN_TYPE = YES_ERROR;
				GCC_WARN_UNDECLARED_SELECTOR = YES;
				GCC_WARN_UNINITIALIZED_AUTOS = YES_AGGRESSIVE;
				GCC_WARN_UNUSED_FUNCTION = YES;
				GCC_WARN_UNUSED_VARIABLE = YES;
				IPHONEOS_DEPLOYMENT_TARGET = 15.5;
				MTL_ENABLE_DEBUG_INFO = NO;
				MTL_FAST_MATH = YES;
				SDKROOT = iphoneos;
				SWIFT_COMPILATION_MODE = wholemodule;
				SWIFT_OPTIMIZATION_LEVEL = "-O";
				VALIDATE_PRODUCT = YES;
			};
			name = Release;
		};
		A114181D288FA0730025C2DC /* Debug */ = {
			isa = XCBuildConfiguration;
			buildSettings = {
				ASSETCATALOG_COMPILER_APPICON_NAME = AppIcon;
				ASSETCATALOG_COMPILER_GLOBAL_ACCENT_COLOR_NAME = AccentColor;
				CODE_SIGN_STYLE = Automatic;
				CURRENT_PROJECT_VERSION = 1;
				DEVELOPMENT_ASSET_PATHS = "\"Tictactoe/Preview Content\"";
				DEVELOPMENT_TEAM = 88ZD524733;
				ENABLE_PREVIEWS = YES;
				GENERATE_INFOPLIST_FILE = YES;
				INFOPLIST_KEY_UIApplicationSceneManifest_Generation = YES;
				INFOPLIST_KEY_UIApplicationSupportsIndirectInputEvents = YES;
				INFOPLIST_KEY_UILaunchScreen_Generation = YES;
				INFOPLIST_KEY_UISupportedInterfaceOrientations_iPad = "UIInterfaceOrientationPortrait UIInterfaceOrientationPortraitUpsideDown UIInterfaceOrientationLandscapeLeft UIInterfaceOrientationLandscapeRight";
				INFOPLIST_KEY_UISupportedInterfaceOrientations_iPhone = "UIInterfaceOrientationPortrait UIInterfaceOrientationLandscapeLeft UIInterfaceOrientationLandscapeRight";
				LD_RUNPATH_SEARCH_PATHS = (
					"$(inherited)",
					"@executable_path/Frameworks",
				);
				MARKETING_VERSION = 1.0;
				PRODUCT_BUNDLE_IDENTIFIER = com.ios.learning.Tictactoe;
				PRODUCT_NAME = "$(TARGET_NAME)";
				SWIFT_EMIT_LOC_STRINGS = YES;
				SWIFT_VERSION = 5.0;
				TARGETED_DEVICE_FAMILY = "1,2";
			};
			name = Debug;
		};
		A114181E288FA0730025C2DC /* Release */ = {
			isa = XCBuildConfiguration;
			buildSettings = {
				ASSETCATALOG_COMPILER_APPICON_NAME = AppIcon;
				ASSETCATALOG_COMPILER_GLOBAL_ACCENT_COLOR_NAME = AccentColor;
				CODE_SIGN_STYLE = Automatic;
				CURRENT_PROJECT_VERSION = 1;
				DEVELOPMENT_ASSET_PATHS = "\"Tictactoe/Preview Content\"";
				DEVELOPMENT_TEAM = 88ZD524733;
				ENABLE_PREVIEWS = YES;
				GENERATE_INFOPLIST_FILE = YES;
				INFOPLIST_KEY_UIApplicationSceneManifest_Generation = YES;
				INFOPLIST_KEY_UIApplicationSupportsIndirectInputEvents = YES;
				INFOPLIST_KEY_UILaunchScreen_Generation = YES;
				INFOPLIST_KEY_UISupportedInterfaceOrientations_iPad = "UIInterfaceOrientationPortrait UIInterfaceOrientationPortraitUpsideDown UIInterfaceOrientationLandscapeLeft UIInterfaceOrientationLandscapeRight";
				INFOPLIST_KEY_UISupportedInterfaceOrientations_iPhone = "UIInterfaceOrientationPortrait UIInterfaceOrientationLandscapeLeft UIInterfaceOrientationLandscapeRight";
				LD_RUNPATH_SEARCH_PATHS = (
					"$(inherited)",
					"@executable_path/Frameworks",
				);
				MARKETING_VERSION = 1.0;
				PRODUCT_BUNDLE_IDENTIFIER = com.ios.learning.Tictactoe;
				PRODUCT_NAME = "$(TARGET_NAME)";
				SWIFT_EMIT_LOC_STRINGS = YES;
				SWIFT_VERSION = 5.0;
				TARGETED_DEVICE_FAMILY = "1,2";
			};
			name = Release;
		};
		A1141820288FA0730025C2DC /* Debug */ = {
			isa = XCBuildConfiguration;
			buildSettings = {
				ALWAYS_EMBED_SWIFT_STANDARD_LIBRARIES = YES;
				BUNDLE_LOADER = "$(TEST_HOST)";
				CODE_SIGN_STYLE = Automatic;
				CURRENT_PROJECT_VERSION = 1;
				DEVELOPMENT_TEAM = 88ZD524733;
				GENERATE_INFOPLIST_FILE = YES;
				IPHONEOS_DEPLOYMENT_TARGET = 15.5;
				MARKETING_VERSION = 1.0;
				PRODUCT_BUNDLE_IDENTIFIER = com.ios.learning.TictactoeTests;
				PRODUCT_NAME = "$(TARGET_NAME)";
				SWIFT_EMIT_LOC_STRINGS = NO;
				SWIFT_VERSION = 5.0;
				TARGETED_DEVICE_FAMILY = "1,2";
				TEST_HOST = "$(BUILT_PRODUCTS_DIR)/Tictactoe.app/Tictactoe";
			};
			name = Debug;
		};
		A1141821288FA0730025C2DC /* Release */ = {
			isa = XCBuildConfiguration;
			buildSettings = {
				ALWAYS_EMBED_SWIFT_STANDARD_LIBRARIES = YES;
				BUNDLE_LOADER = "$(TEST_HOST)";
				CODE_SIGN_STYLE = Automatic;
				CURRENT_PROJECT_VERSION = 1;
				DEVELOPMENT_TEAM = 88ZD524733;
				GENERATE_INFOPLIST_FILE = YES;
				IPHONEOS_DEPLOYMENT_TARGET = 15.5;
				MARKETING_VERSION = 1.0;
				PRODUCT_BUNDLE_IDENTIFIER = com.ios.learning.TictactoeTests;
				PRODUCT_NAME = "$(TARGET_NAME)";
				SWIFT_EMIT_LOC_STRINGS = NO;
				SWIFT_VERSION = 5.0;
				TARGETED_DEVICE_FAMILY = "1,2";
				TEST_HOST = "$(BUILT_PRODUCTS_DIR)/Tictactoe.app/Tictactoe";
			};
			name = Release;
		};
		A1141823288FA0730025C2DC /* Debug */ = {
			isa = XCBuildConfiguration;
			buildSettings = {
				ALWAYS_EMBED_SWIFT_STANDARD_LIBRARIES = YES;
				CODE_SIGN_STYLE = Automatic;
				CURRENT_PROJECT_VERSION = 1;
				DEVELOPMENT_TEAM = 88ZD524733;
				GENERATE_INFOPLIST_FILE = YES;
				MARKETING_VERSION = 1.0;
				PRODUCT_BUNDLE_IDENTIFIER = com.ios.learning.TictactoeUITests;
				PRODUCT_NAME = "$(TARGET_NAME)";
				SWIFT_EMIT_LOC_STRINGS = NO;
				SWIFT_VERSION = 5.0;
				TARGETED_DEVICE_FAMILY = "1,2";
				TEST_TARGET_NAME = Tictactoe;
			};
			name = Debug;
		};
		A1141824288FA0730025C2DC /* Release */ = {
			isa = XCBuildConfiguration;
			buildSettings = {
				ALWAYS_EMBED_SWIFT_STANDARD_LIBRARIES = YES;
				CODE_SIGN_STYLE = Automatic;
				CURRENT_PROJECT_VERSION = 1;
				DEVELOPMENT_TEAM = 88ZD524733;
				GENERATE_INFOPLIST_FILE = YES;
				MARKETING_VERSION = 1.0;
				PRODUCT_BUNDLE_IDENTIFIER = com.ios.learning.TictactoeUITests;
				PRODUCT_NAME = "$(TARGET_NAME)";
				SWIFT_EMIT_LOC_STRINGS = NO;
				SWIFT_VERSION = 5.0;
				TARGETED_DEVICE_FAMILY = "1,2";
				TEST_TARGET_NAME = Tictactoe;
			};
			name = Release;
		};
/* End XCBuildConfiguration section */

/* Begin XCConfigurationList section */
		A11417F3288FA0700025C2DC /* Build configuration list for PBXProject "Tictactoe" */ = {
			isa = XCConfigurationList;
			buildConfigurations = (
				A114181A288FA0730025C2DC /* Debug */,
				A114181B288FA0730025C2DC /* Release */,
			);
			defaultConfigurationIsVisible = 0;
			defaultConfigurationName = Release;
		};
		A114181C288FA0730025C2DC /* Build configuration list for PBXNativeTarget "Tictactoe" */ = {
			isa = XCConfigurationList;
			buildConfigurations = (
				A114181D288FA0730025C2DC /* Debug */,
				A114181E288FA0730025C2DC /* Release */,
			);
			defaultConfigurationIsVisible = 0;
			defaultConfigurationName = Release;
		};
		A114181F288FA0730025C2DC /* Build configuration list for PBXNativeTarget "TictactoeTests" */ = {
			isa = XCConfigurationList;
			buildConfigurations = (
				A1141820288FA0730025C2DC /* Debug */,
				A1141821288FA0730025C2DC /* Release */,
			);
			defaultConfigurationIsVisible = 0;
			defaultConfigurationName = Release;
		};
		A1141822288FA0730025C2DC /* Build configuration list for PBXNativeTarget "TictactoeUITests" */ = {
			isa = XCConfigurationList;
			buildConfigurations = (
				A1141823288FA0730025C2DC /* Debug */,
				A1141824288FA0730025C2DC /* Release */,
			);
			defaultConfigurationIsVisible = 0;
			defaultConfigurationName = Release;
		};
/* End XCConfigurationList section */
	};
	rootObject = A11417F0288FA0700025C2DC /* Project object */;
}
